
Microsoft Visual Studio Solution File, Format Version 12.00
# Visual Studio Version 17
VisualStudioVersion = 17.10.34928.147
MinimumVisualStudioVersion = 10.0.40219.1
Project("{FAE04EC0-301F-11D3-BF4B-00C04F79EFBC}") = "Gerenciamento.WebApi", "Gerenciamento.WebApi\Gerenciamento.WebApi.csproj", "{6145092E-AE4C-4072-8B98-B619C5A88F53}"
EndProject
Project("{FAE04EC0-301F-11D3-BF4B-00C04F79EFBC}") = "Gerenciamento.Domain", "Gerenciamento.Domain\Gerenciamento.Domain.csproj", "{5B7234B9-CEA0-49DF-8334-46FEFE614AF9}"
EndProject
Project("{FAE04EC0-301F-11D3-BF4B-00C04F79EFBC}") = "Gerenciamento.Infrastruct", "Gerenciamento.Infrastruct\Gerenciamento.Infrastruct.csproj", "{361383FD-5CEB-4970-BFBF-8F979C2D5D78}"
EndProject
Global
	GlobalSection(SolutionConfigurationPlatforms) = preSolution
		Debug|Any CPU = Debug|Any CPU
		Release|Any CPU = Release|Any CPU
	EndGlobalSection
	GlobalSection(ProjectConfigurationPlatforms) = postSolution
		{6145092E-AE4C-4072-8B98-B619C5A88F53}.Debug|Any CPU.ActiveCfg = Debug|Any CPU
		{6145092E-AE4C-4072-8B98-B619C5A88F53}.Debug|Any CPU.Build.0 = Debug|Any CPU
		{6145092E-AE4C-4072-8B98-B619C5A88F53}.Release|Any CPU.ActiveCfg = Release|Any CPU
		{6145092E-AE4C-4072-8B98-B619C5A88F53}.Release|Any CPU.Build.0 = Release|Any CPU
		{5B7234B9-CEA0-49DF-8334-46FEFE614AF9}.Debug|Any CPU.ActiveCfg = Debug|Any CPU
		{5B7234B9-CEA0-49DF-8334-46FEFE614AF9}.Debug|Any CPU.Build.0 = Debug|Any CPU
		{5B7234B9-CEA0-49DF-8334-46FEFE614AF9}.Release|Any CPU.ActiveCfg = Release|Any CPU
		{5B7234B9-CEA0-49DF-8334-46FEFE614AF9}.Release|Any CPU.Build.0 = Release|Any CPU
		{361383FD-5CEB-4970-BFBF-8F979C2D5D78}.Debug|Any CPU.ActiveCfg = Debug|Any CPU
		{361383FD-5CEB-4970-BFBF-8F979C2D5D78}.Debug|Any CPU.Build.0 = Debug|Any CPU
		{361383FD-5CEB-4970-BFBF-8F979C2D5D78}.Release|Any CPU.ActiveCfg = Release|Any CPU
		{361383FD-5CEB-4970-BFBF-8F979C2D5D78}.Release|Any CPU.Build.0 = Release|Any CPU
	EndGlobalSection
	GlobalSection(SolutionProperties) = preSolution
		HideSolutionNode = FALSE
	EndGlobalSection
	GlobalSection(ExtensibilityGlobals) = postSolution
		SolutionGuid = {55B12985-3428-4528-9818-62861179AC55}
	EndGlobalSection
EndGlobal
